
Microsoft Visual Studio Solution File, Format Version 12.00
# Visual Studio Version 17
VisualStudioVersion = 17.3.32811.315
MinimumVisualStudioVersion = 10.0.40219.1
Project("{FAE04EC0-301F-11D3-BF4B-00C04F79EFBC}") = "DemoWebApplication", "DemoWebApplication\DemoWebApplication.csproj", "{C5F8F6F1-987C-49D8-8DC1-D2BCA381C1BE}"
EndProject
Global
	GlobalSection(SolutionConfigurationPlatforms) = preSolution
		Debug|Any CPU = Debug|Any CPU
		Release|Any CPU = Release|Any CPU
	EndGlobalSection
	GlobalSection(ProjectConfigurationPlatforms) = postSolution
		{C5F8F6F1-987C-49D8-8DC1-D2BCA381C1BE}.Debug|Any CPU.ActiveCfg = Debug|Any CPU
		{C5F8F6F1-987C-49D8-8DC1-D2BCA381C1BE}.Debug|Any CPU.Build.0 = Debug|Any CPU
		{C5F8F6F1-987C-49D8-8DC1-D2BCA381C1BE}.Release|Any CPU.ActiveCfg = Release|Any CPU
		{C5F8F6F1-987C-49D8-8DC1-D2BCA381C1BE}.Release|Any CPU.Build.0 = Release|Any CPU
	EndGlobalSection
	GlobalSection(SolutionProperties) = preSolution
		HideSolutionNode = FALSE
	EndGlobalSection
	GlobalSection(ExtensibilityGlobals) = postSolution
		SolutionGuid = {024E249B-EF74-47C4-A8B0-8E582333F75C}
	EndGlobalSection
EndGlobal
